
Microsoft Visual Studio Solution File, Format Version 12.00
# Visual Studio Version 16
VisualStudioVersion = 16.0.30611.23
MinimumVisualStudioVersion = 10.0.40219.1
Project("{FAE04EC0-301F-11D3-BF4B-00C04F79EFBC}") = "ShapeAreaCalculator", "ShapeAreaCalculator\ShapeAreaCalculator.csproj", "{62F982AF-FA4C-4115-87CF-CB7A0EDEAC34}"
EndProject
Global
	GlobalSection(SolutionConfigurationPlatforms) = preSolution
		Debug|Any CPU = Debug|Any CPU
		Release|Any CPU = Release|Any CPU
	EndGlobalSection
	GlobalSection(ProjectConfigurationPlatforms) = postSolution
		{62F982AF-FA4C-4115-87CF-CB7A0EDEAC34}.Debug|Any CPU.ActiveCfg = Debug|Any CPU
		{62F982AF-FA4C-4115-87CF-CB7A0EDEAC34}.Debug|Any CPU.Build.0 = Debug|Any CPU
		{62F982AF-FA4C-4115-87CF-CB7A0EDEAC34}.Release|Any CPU.ActiveCfg = Release|Any CPU
		{62F982AF-FA4C-4115-87CF-CB7A0EDEAC34}.Release|Any CPU.Build.0 = Release|Any CPU
	EndGlobalSection
	GlobalSection(SolutionProperties) = preSolution
		HideSolutionNode = FALSE
	EndGlobalSection
	GlobalSection(ExtensibilityGlobals) = postSolution
		SolutionGuid = {3420930A-959C-47B8-87E2-9FBB6038A8B0}
	EndGlobalSection
EndGlobal
